
Microsoft Visual Studio Solution File, Format Version 12.00
# Visual Studio Version 16
VisualStudioVersion = 16.0.30413.136
MinimumVisualStudioVersion = 10.0.40219.1
Project("{FAE04EC0-301F-11D3-BF4B-00C04F79EFBC}") = "BankAccountApi", "BankAccountApi\BankAccountApi.csproj", "{AEE0835C-2C3A-44BD-A0DE-58B0DBE451FF}"
EndProject
Global
	GlobalSection(SolutionConfigurationPlatforms) = preSolution
		Debug|Any CPU = Debug|Any CPU
		Release|Any CPU = Release|Any CPU
	EndGlobalSection
	GlobalSection(ProjectConfigurationPlatforms) = postSolution
		{AEE0835C-2C3A-44BD-A0DE-58B0DBE451FF}.Debug|Any CPU.ActiveCfg = Debug|Any CPU
		{AEE0835C-2C3A-44BD-A0DE-58B0DBE451FF}.Debug|Any CPU.Build.0 = Debug|Any CPU
		{AEE0835C-2C3A-44BD-A0DE-58B0DBE451FF}.Release|Any CPU.ActiveCfg = Release|Any CPU
		{AEE0835C-2C3A-44BD-A0DE-58B0DBE451FF}.Release|Any CPU.Build.0 = Release|Any CPU
	EndGlobalSection
	GlobalSection(SolutionProperties) = preSolution
		HideSolutionNode = FALSE
	EndGlobalSection
	GlobalSection(ExtensibilityGlobals) = postSolution
		SolutionGuid = {5FECFAAF-36CB-41C3-9EF3-5777AE27505D}
	EndGlobalSection
EndGlobal
